
Microsoft Visual Studio Solution File, Format Version 12.00
# Visual Studio Version 17
VisualStudioVersion = 17.10.35027.167
MinimumVisualStudioVersion = 10.0.40219.1
Project("{FAE04EC0-301F-11D3-BF4B-00C04F79EFBC}") = "AntoslikBot", "AntoslikBot\AntoslikBot.csproj", "{1670DEC5-E422-436C-A38E-241A52DD2FD6}"
EndProject
Global
	GlobalSection(SolutionConfigurationPlatforms) = preSolution
		Debug|Any CPU = Debug|Any CPU
		Release|Any CPU = Release|Any CPU
	EndGlobalSection
	GlobalSection(ProjectConfigurationPlatforms) = postSolution
		{1670DEC5-E422-436C-A38E-241A52DD2FD6}.Debug|Any CPU.ActiveCfg = Debug|Any CPU
		{1670DEC5-E422-436C-A38E-241A52DD2FD6}.Debug|Any CPU.Build.0 = Debug|Any CPU
		{1670DEC5-E422-436C-A38E-241A52DD2FD6}.Release|Any CPU.ActiveCfg = Release|Any CPU
		{1670DEC5-E422-436C-A38E-241A52DD2FD6}.Release|Any CPU.Build.0 = Release|Any CPU
	EndGlobalSection
	GlobalSection(SolutionProperties) = preSolution
		HideSolutionNode = FALSE
	EndGlobalSection
	GlobalSection(ExtensibilityGlobals) = postSolution
		SolutionGuid = {E0A6CBAE-0776-4D8E-97EB-5EDFF07341AC}
	EndGlobalSection
EndGlobal
